
Microsoft Visual Studio Solution File, Format Version 12.00
# Visual Studio 14
VisualStudioVersion = 14.0.24720.0
MinimumVisualStudioVersion = 10.0.40219.1
Project("{FAE04EC0-301F-11D3-BF4B-00C04F79EFBC}") = "Downloader10", "Downloader10\Downloader10.csproj", "{8F508E13-D3BC-48BF-8DFA-D3103AD16A5F}"
EndProject
Project("{FAE04EC0-301F-11D3-BF4B-00C04F79EFBC}") = "UWC", "UWC\UWC.csproj", "{02302839-0216-43DA-BAFB-BA91756E3BAA}"
EndProject
Global
	GlobalSection(SolutionConfigurationPlatforms) = preSolution
		Debug|Any CPU = Debug|Any CPU
		Debug|ARM = Debug|ARM
		Debug|x64 = Debug|x64
		Debug|x86 = Debug|x86
		Release|Any CPU = Release|Any CPU
		Release|ARM = Release|ARM
		Release|x64 = Release|x64
		Release|x86 = Release|x86
	EndGlobalSection
	GlobalSection(ProjectConfigurationPlatforms) = postSolution
		{8F508E13-D3BC-48BF-8DFA-D3103AD16A5F}.Debug|Any CPU.ActiveCfg = Debug|x86
		{8F508E13-D3BC-48BF-8DFA-D3103AD16A5F}.Debug|ARM.ActiveCfg = Debug|ARM
		{8F508E13-D3BC-48BF-8DFA-D3103AD16A5F}.Debug|ARM.Build.0 = Debug|ARM
		{8F508E13-D3BC-48BF-8DFA-D3103AD16A5F}.Debug|ARM.Deploy.0 = Debug|ARM
		{8F508E13-D3BC-48BF-8DFA-D3103AD16A5F}.Debug|x64.ActiveCfg = Debug|x64
		{8F508E13-D3BC-48BF-8DFA-D3103AD16A5F}.Debug|x64.Build.0 = Debug|x64
		{8F508E13-D3BC-48BF-8DFA-D3103AD16A5F}.Debug|x64.Deploy.0 = Debug|x64
		{8F508E13-D3BC-48BF-8DFA-D3103AD16A5F}.Debug|x86.ActiveCfg = Debug|x86
		{8F508E13-D3BC-48BF-8DFA-D3103AD16A5F}.Debug|x86.Build.0 = Debug|x86
		{8F508E13-D3BC-48BF-8DFA-D3103AD16A5F}.Debug|x86.Deploy.0 = Debug|x86
		{8F508E13-D3BC-48BF-8DFA-D3103AD16A5F}.Release|Any CPU.ActiveCfg = Release|x86
		{8F508E13-D3BC-48BF-8DFA-D3103AD16A5F}.Release|ARM.ActiveCfg = Release|ARM
		{8F508E13-D3BC-48BF-8DFA-D3103AD16A5F}.Release|ARM.Build.0 = Release|ARM
		{8F508E13-D3BC-48BF-8DFA-D3103AD16A5F}.Release|ARM.Deploy.0 = Release|ARM
		{8F508E13-D3BC-48BF-8DFA-D3103AD16A5F}.Release|x64.ActiveCfg = Release|x64
		{8F508E13-D3BC-48BF-8DFA-D3103AD16A5F}.Release|x64.Build.0 = Release|x64
		{8F508E13-D3BC-48BF-8DFA-D3103AD16A5F}.Release|x64.Deploy.0 = Release|x64
		{8F508E13-D3BC-48BF-8DFA-D3103AD16A5F}.Release|x86.ActiveCfg = Release|x86
		{8F508E13-D3BC-48BF-8DFA-D3103AD16A5F}.Release|x86.Build.0 = Release|x86
		{8F508E13-D3BC-48BF-8DFA-D3103AD16A5F}.Release|x86.Deploy.0 = Release|x86
		{02302839-0216-43DA-BAFB-BA91756E3BAA}.Debug|Any CPU.ActiveCfg = Debug|Any CPU
		{02302839-0216-43DA-BAFB-BA91756E3BAA}.Debug|Any CPU.Build.0 = Debug|Any CPU
		{02302839-0216-43DA-BAFB-BA91756E3BAA}.Debug|ARM.ActiveCfg = Debug|ARM
		{02302839-0216-43DA-BAFB-BA91756E3BAA}.Debug|ARM.Build.0 = Debug|ARM
		{02302839-0216-43DA-BAFB-BA91756E3BAA}.Debug|x64.ActiveCfg = Debug|x64
		{02302839-0216-43DA-BAFB-BA91756E3BAA}.Debug|x64.Build.0 = Debug|x64
		{02302839-0216-43DA-BAFB-BA91756E3BAA}.Debug|x86.ActiveCfg = Debug|x86
		{02302839-0216-43DA-BAFB-BA91756E3BAA}.Debug|x86.Build.0 = Debug|x86
		{02302839-0216-43DA-BAFB-BA91756E3BAA}.Release|Any CPU.ActiveCfg = Release|Any CPU
		{02302839-0216-43DA-BAFB-BA91756E3BAA}.Release|Any CPU.Build.0 = Release|Any CPU
		{02302839-0216-43DA-BAFB-BA91756E3BAA}.Release|ARM.ActiveCfg = Release|ARM
		{02302839-0216-43DA-BAFB-BA91756E3BAA}.Release|ARM.Build.0 = Release|ARM
		{02302839-0216-43DA-BAFB-BA91756E3BAA}.Release|x64.ActiveCfg = Release|x64
		{02302839-0216-43DA-BAFB-BA91756E3BAA}.Release|x64.Build.0 = Release|x64
		{02302839-0216-43DA-BAFB-BA91756E3BAA}.Release|x86.ActiveCfg = Release|x86
		{02302839-0216-43DA-BAFB-BA91756E3BAA}.Release|x86.Build.0 = Release|x86
	EndGlobalSection
	GlobalSection(SolutionProperties) = preSolution
		HideSolutionNode = FALSE
	EndGlobalSection
EndGlobal
